// !$*UTF8*$!
{
	archiveVersion = 1;
	classes = {
	};
	objectVersion = 46;
	objects = {

/* Begin PBXBuildFile section */
		4758BD481F149FDA00030C54 /* FaceMagicDetection.framework in Frameworks */ = {isa = PBXBuildFile; fileRef = 4758BD461F149FDA00030C54 /* FaceMagicDetection.framework */; };
		4758BD4C1F149FF800030C54 /* FaceData.dat in Resources */ = {isa = PBXBuildFile; fileRef = 4758BD4A1F149FF800030C54 /* FaceData.dat */; };
		4758BD4D1F149FF800030C54 /* track_data.dat in Resources */ = {isa = PBXBuildFile; fileRef = 4758BD4B1F149FF800030C54 /* track_data.dat */; };
		4758BD4F1F14A03000030C54 /* dahuangfeng.bundle in Resources */ = {isa = PBXBuildFile; fileRef = 4758BD4E1F14A03000030C54 /* dahuangfeng.bundle */; };
		4758BD531F14A56400030C54 /* nvwang.bundle in Resources */ = {isa = PBXBuildFile; fileRef = 4758BD521F14A56400030C54 /* nvwang.bundle */; };
		4758BD581F15D32700030C54 /* MKEngine.framework in Frameworks */ = {isa = PBXBuildFile; fileRef = 4758BD571F15D32700030C54 /* MKEngine.framework */; };
		475FE2231EE900F500AC2064 /* opencv2.framework in Frameworks */ = {isa = PBXBuildFile; fileRef = 475FE2221EE900F500AC2064 /* opencv2.framework */; };
		475FE22C1EE9349200AC2064 /* fm2ViewCtrl.m in Sources */ = {isa = PBXBuildFile; fileRef = 475FE22B1EE9349200AC2064 /* fm2ViewCtrl.m */; };
		822A3F751E6FFFCF00CF3953 /* main.m in Sources */ = {isa = PBXBuildFile; fileRef = 822A3F741E6FFFCF00CF3953 /* main.m */; };
		822A3F781E6FFFCF00CF3953 /* AppDelegate.m in Sources */ = {isa = PBXBuildFile; fileRef = 822A3F771E6FFFCF00CF3953 /* AppDelegate.m */; };
		822A3F7B1E6FFFCF00CF3953 /* ViewController.m in Sources */ = {isa = PBXBuildFile; fileRef = 822A3F7A1E6FFFCF00CF3953 /* ViewController.m */; };
		822A3F7E1E6FFFCF00CF3953 /* Main.storyboard in Resources */ = {isa = PBXBuildFile; fileRef = 822A3F7C1E6FFFCF00CF3953 /* Main.storyboard */; };
		822A3F801E6FFFCF00CF3953 /* Assets.xcassets in Resources */ = {isa = PBXBuildFile; fileRef = 822A3F7F1E6FFFCF00CF3953 /* Assets.xcassets */; };
		822A3F831E6FFFCF00CF3953 /* LaunchScreen.storyboard in Resources */ = {isa = PBXBuildFile; fileRef = 822A3F811E6FFFCF00CF3953 /* LaunchScreen.storyboard */; };
		822BA8FE1EE902D1002C80BE /* kanHai.bundle in Resources */ = {isa = PBXBuildFile; fileRef = 822BA8FD1EE902D1002C80BE /* kanHai.bundle */; };
		822BA9011EE95F95002C80BE /* spineHead.bundle in Resources */ = {isa = PBXBuildFile; fileRef = 822BA9001EE95F95002C80BE /* spineHead.bundle */; };
		822C97531EFE2BB800FDA064 /* libbz2.tbd in Frameworks */ = {isa = PBXBuildFile; fileRef = 822C97521EFE2BB800FDA064 /* libbz2.tbd */; };
		822C97551EFE2BC700FDA064 /* VideoToolbox.framework in Frameworks */ = {isa = PBXBuildFile; fileRef = 822C97541EFE2BC600FDA064 /* VideoToolbox.framework */; };
		822C97571EFE2C0100FDA064 /* CoreGraphics.framework in Frameworks */ = {isa = PBXBuildFile; fileRef = 822C97561EFE2C0100FDA064 /* CoreGraphics.framework */; };
		822C97591EFE2C8F00FDA064 /* libiconv.2.4.0.tbd in Frameworks */ = {isa = PBXBuildFile; fileRef = 822C97581EFE2C8F00FDA064 /* libiconv.2.4.0.tbd */; };
		822C975B1EFE350B00FDA064 /* GLKit.framework in Frameworks */ = {isa = PBXBuildFile; fileRef = 822C975A1EFE350B00FDA064 /* GLKit.framework */; };
		822C97611EFE432400FDA064 /* mixres in Resources */ = {isa = PBXBuildFile; fileRef = 822C97601EFE432400FDA064 /* mixres */; };
		822C97921EFEC85400FDA064 /* test.aac in Resources */ = {isa = PBXBuildFile; fileRef = 822C97911EFEC85400FDA064 /* test.aac */; };
		822CF99E1EC3137E00420C6E /* eye.bundle in Resources */ = {isa = PBXBuildFile; fileRef = 822CF99C1EC3137E00420C6E /* eye.bundle */; };
		822CF9A21EC315B500420C6E /* qipao.bundle in Resources */ = {isa = PBXBuildFile; fileRef = 822CF9A11EC315B500420C6E /* qipao.bundle */; };
		823605441EC1622500A19595 /* huoj.bundle in Resources */ = {isa = PBXBuildFile; fileRef = 823605431EC1622500A19595 /* huoj.bundle */; };
		8238D9401EB1CD6800303D1D /* closeCamera@2x.png in Resources */ = {isa = PBXBuildFile; fileRef = 8238D93F1EB1CD6800303D1D /* closeCamera@2x.png */; };
		8238D9431EB1EDB400303D1D /* standardFace_1.jpg in Resources */ = {isa = PBXBuildFile; fileRef = 8238D9421EB1EDB400303D1D /* standardFace_1.jpg */; };
		823C82281EC551E200727FB9 /* changeCamera@2x.png in Resources */ = {isa = PBXBuildFile; fileRef = 823C82271EC551E200727FB9 /* changeCamera@2x.png */; };
		823C822B1EC5C0E000727FB9 /* cat_new_frames.bundle in Resources */ = {isa = PBXBuildFile; fileRef = 823C822A1EC5C0E000727FB9 /* cat_new_frames.bundle */; };
		823C82401EC71C7400727FB9 /* shengdan1.bundle in Resources */ = {isa = PBXBuildFile; fileRef = 823C823F1EC71C7400727FB9 /* shengdan1.bundle */; };
		82401D3E1EAF48D600B8FE11 /* MagicGLView.m in Sources */ = {isa = PBXBuildFile; fileRef = 82401D3D1EAF48D600B8FE11 /* MagicGLView.m */; };
		8250E67C1E78EADD006F6CDF /* libz.tbd in Frameworks */ = {isa = PBXBuildFile; fileRef = 8250E67B1E78EADD006F6CDF /* libz.tbd */; };
		8250E6811E78EEE5006F6CDF /* libc++.tbd in Frameworks */ = {isa = PBXBuildFile; fileRef = 8250E67D1E78EB13006F6CDF /* libc++.tbd */; };
		8261F5671EE53A0500CC8145 /* xiaojinling.bundle in Resources */ = {isa = PBXBuildFile; fileRef = 8261F5661EE53A0500CC8145 /* xiaojinling.bundle */; };
		827416C91ECD918200FAF853 /* AVFoundation.framework in Frameworks */ = {isa = PBXBuildFile; fileRef = 827416C81ECD918200FAF853 /* AVFoundation.framework */; };
		827416CB1ECD918900FAF853 /* CoreMedia.framework in Frameworks */ = {isa = PBXBuildFile; fileRef = 827416CA1ECD918900FAF853 /* CoreMedia.framework */; };
		828896811EB03E4A000CC47C /* addEffect@2x.png in Resources */ = {isa = PBXBuildFile; fileRef = 828896801EB03E4A000CC47C /* addEffect@2x.png */; };
		828896A81EB07DC9000CC47C /* HitTest.bundle in Resources */ = {isa = PBXBuildFile; fileRef = 828896A71EB07DC9000CC47C /* HitTest.bundle */; };
		828896AE1EB0867D000CC47C /* SoundTrigger.bundle in Resources */ = {isa = PBXBuildFile; fileRef = 828896AD1EB0867D000CC47C /* SoundTrigger.bundle */; };
		828896BA1EB0B39C000CC47C /* jinbi.bundle in Resources */ = {isa = PBXBuildFile; fileRef = 828896B31EB0B39C000CC47C /* jinbi.bundle */; };
		828896BB1EB0B39C000CC47C /* shoushi_drag.bundle in Resources */ = {isa = PBXBuildFile; fileRef = 828896B41EB0B39C000CC47C /* shoushi_drag.bundle */; };
		828896BC1EB0B39C000CC47C /* shoushi_face.bundle in Resources */ = {isa = PBXBuildFile; fileRef = 828896B51EB0B39C000CC47C /* shoushi_face.bundle */; };
		828896BD1EB0B39C000CC47C /* shoushi_mouthopen.bundle in Resources */ = {isa = PBXBuildFile; fileRef = 828896B61EB0B39C000CC47C /* shoushi_mouthopen.bundle */; };
		828896BE1EB0B39C000CC47C /* shoushi_touchBegin.bundle in Resources */ = {isa = PBXBuildFile; fileRef = 828896B71EB0B39C000CC47C /* shoushi_touchBegin.bundle */; };
		828896BF1EB0B39C000CC47C /* shoushi_touchEnd.bundle in Resources */ = {isa = PBXBuildFile; fileRef = 828896B81EB0B39C000CC47C /* shoushi_touchEnd.bundle */; };
		828896C01EB0B39C000CC47C /* shoushi_touchMove.bundle in Resources */ = {isa = PBXBuildFile; fileRef = 828896B91EB0B39C000CC47C /* shoushi_touchMove.bundle */; };
		828896C51EB0B94C000CC47C /* head1.png in Resources */ = {isa = PBXBuildFile; fileRef = 828896C31EB0B94C000CC47C /* head1.png */; };
		828896C61EB0B94C000CC47C /* head2.png in Resources */ = {isa = PBXBuildFile; fileRef = 828896C41EB0B94C000CC47C /* head2.png */; };
		82A78D5B1EBC3242004D637E /* begin@2x.png in Resources */ = {isa = PBXBuildFile; fileRef = 82A78D5A1EBC3242004D637E /* begin@2x.png */; };
		82C53CD81EF4D8CC0063957F /* res.bundle in Resources */ = {isa = PBXBuildFile; fileRef = 82C53CD71EF4D8CC0063957F /* res.bundle */; };
		82C663EB1ED6840C00F46619 /* CoreMotion.framework in Frameworks */ = {isa = PBXBuildFile; fileRef = 82C663EA1ED6840B00F46619 /* CoreMotion.framework */; };
		82E5F3E61EEE8DC500DC946C /* 主页_拍照按钮@2x.png in Resources */ = {isa = PBXBuildFile; fileRef = 82E5F3E51EEE8DC500DC946C /* 主页_拍照按钮@2x.png */; };
		82E5F3E81EEE8EA800DC946C /* 主页_视频录制按钮@2x.png in Resources */ = {isa = PBXBuildFile; fileRef = 82E5F3E71EEE8EA800DC946C /* 主页_视频录制按钮@2x.png */; };
		82E5F3F01EEF902C00DC946C /* FMMainFBO.m in Sources */ = {isa = PBXBuildFile; fileRef = 82E5F3EF1EEF902C00DC946C /* FMMainFBO.m */; };
		82E5F3F61EEF94CA00DC946C /* FMTexLoader.m in Sources */ = {isa = PBXBuildFile; fileRef = 82E5F3F51EEF94CA00DC946C /* FMTexLoader.m */; };
		82E5F3FB1EEF94E600DC946C /* FMTexture.m in Sources */ = {isa = PBXBuildFile; fileRef = 82E5F3F81EEF94E600DC946C /* FMTexture.m */; };
		82E5F3FC1EEF94E600DC946C /* FMTextureMgr.m in Sources */ = {isa = PBXBuildFile; fileRef = 82E5F3FA1EEF94E600DC946C /* FMTextureMgr.m */; };
		82E5F4001EEF950900DC946C /* FMShader.m in Sources */ = {isa = PBXBuildFile; fileRef = 82E5F3FF1EEF950900DC946C /* FMShader.m */; };
		82E5F40B1EEF957E00DC946C /* animateFrame.fs in Resources */ = {isa = PBXBuildFile; fileRef = 82E5F4021EEF957E00DC946C /* animateFrame.fs */; };
		82E5F40C1EEF957E00DC946C /* animateFrame.vs in Resources */ = {isa = PBXBuildFile; fileRef = 82E5F4031EEF957E00DC946C /* animateFrame.vs */; };
		82E5F40D1EEF957E00DC946C /* drawSquare.fs in Resources */ = {isa = PBXBuildFile; fileRef = 82E5F4041EEF957E00DC946C /* drawSquare.fs */; };
		82E5F40E1EEF957E00DC946C /* drawSquare.vs in Resources */ = {isa = PBXBuildFile; fileRef = 82E5F4051EEF957E00DC946C /* drawSquare.vs */; };
		82E5F40F1EEF957E00DC946C /* faceMask.fs in Resources */ = {isa = PBXBuildFile; fileRef = 82E5F4061EEF957E00DC946C /* faceMask.fs */; };
		82E5F4101EEF957E00DC946C /* faceMask.vs in Resources */ = {isa = PBXBuildFile; fileRef = 82E5F4071EEF957E00DC946C /* faceMask.vs */; };
		82E5F4111EEF957E00DC946C /* screen.fs in Resources */ = {isa = PBXBuildFile; fileRef = 82E5F4081EEF957E00DC946C /* screen.fs */; };
		82E5F4121EEF957E00DC946C /* screen.vs in Resources */ = {isa = PBXBuildFile; fileRef = 82E5F4091EEF957E00DC946C /* screen.vs */; };
		82E5F4131EEF957E00DC946C /* shaderconf.json in Resources */ = {isa = PBXBuildFile; fileRef = 82E5F40A1EEF957E00DC946C /* shaderconf.json */; };
		82E5F4161EEF985B00DC946C /* FMParameterGlobal.m in Sources */ = {isa = PBXBuildFile; fileRef = 82E5F4151EEF985B00DC946C /* FMParameterGlobal.m */; };
		82E5F41E1EF10FE500DC946C /* FMScreenRender.m in Sources */ = {isa = PBXBuildFile; fileRef = 82E5F41D1EF10FE500DC946C /* FMScreenRender.m */; };
		82FCDD9B1EF3C1390023926E /* yumao.bundle in Resources */ = {isa = PBXBuildFile; fileRef = 82FCDD9A1EF3C1390023926E /* yumao.bundle */; };
		D71290D51F0F625C00A10C30 /* chou.bundle in Resources */ = {isa = PBXBuildFile; fileRef = D71290D01F0F625C00A10C30 /* chou.bundle */; };
		D71290D61F0F625C00A10C30 /* mo.bundle in Resources */ = {isa = PBXBuildFile; fileRef = D71290D11F0F625C00A10C30 /* mo.bundle */; };
		D71290D71F0F625C00A10C30 /* jing.bundle in Resources */ = {isa = PBXBuildFile; fileRef = D71290D21F0F625C00A10C30 /* jing.bundle */; };
		D71290D81F0F625C00A10C30 /* dan.bundle in Resources */ = {isa = PBXBuildFile; fileRef = D71290D31F0F625C00A10C30 /* dan.bundle */; };
		D71290D91F0F625C00A10C30 /* sheng.bundle in Resources */ = {isa = PBXBuildFile; fileRef = D71290D41F0F625C00A10C30 /* sheng.bundle */; };
/* End PBXBuildFile section */

/* Begin PBXFileReference section */
		4758BD461F149FDA00030C54 /* FaceMagicDetection.framework */ = {isa = PBXFileReference; lastKnownFileType = wrapper.framework; path = FaceMagicDetection.framework; sourceTree = "<group>"; };
		4758BD4A1F149FF800030C54 /* FaceData.dat */ = {isa = PBXFileReference; lastKnownFileType = file; path = FaceData.dat; sourceTree = "<group>"; };
		4758BD4B1F149FF800030C54 /* track_data.dat */ = {isa = PBXFileReference; lastKnownFileType = file; path = track_data.dat; sourceTree = "<group>"; };
		4758BD4E1F14A03000030C54 /* dahuangfeng.bundle */ = {isa = PBXFileReference; lastKnownFileType = "wrapper.plug-in"; path = dahuangfeng.bundle; sourceTree = "<group>"; };
		4758BD521F14A56400030C54 /* nvwang.bundle */ = {isa = PBXFileReference; lastKnownFileType = "wrapper.plug-in"; path = nvwang.bundle; sourceTree = "<group>"; };
		4758BD571F15D32700030C54 /* MKEngine.framework */ = {isa = PBXFileReference; lastKnownFileType = wrapper.framework; path = MKEngine.framework; sourceTree = "<group>"; };
		475FE2221EE900F500AC2064 /* opencv2.framework */ = {isa = PBXFileReference; lastKnownFileType = wrapper.framework; path = opencv2.framework; sourceTree = "<group>"; };
		475FE22B1EE9349200AC2064 /* fm2ViewCtrl.m */ = {isa = PBXFileReference; fileEncoding = 4; lastKnownFileType = sourcecode.c.objc; path = fm2ViewCtrl.m; sourceTree = "<group>"; };
		5F828FB81ECAA21600F89F05 /* fm2ViewCtrl.h */ = {isa = PBXFileReference; fileEncoding = 4; lastKnownFileType = sourcecode.c.h; path = fm2ViewCtrl.h; sourceTree = "<group>"; };
		822A3F701E6FFFCF00CF3953 /* FaceMagic.app */ = {isa = PBXFileReference; explicitFileType = wrapper.application; includeInIndex = 0; path = FaceMagic.app; sourceTree = BUILT_PRODUCTS_DIR; };
		822A3F741E6FFFCF00CF3953 /* main.m */ = {isa = PBXFileReference; lastKnownFileType = sourcecode.c.objc; path = main.m; sourceTree = "<group>"; };
		822A3F761E6FFFCF00CF3953 /* AppDelegate.h */ = {isa = PBXFileReference; lastKnownFileType = sourcecode.c.h; path = AppDelegate.h; sourceTree = "<group>"; };
		822A3F771E6FFFCF00CF3953 /* AppDelegate.m */ = {isa = PBXFileReference; lastKnownFileType = sourcecode.c.objc; path = AppDelegate.m; sourceTree = "<group>"; };
		822A3F791E6FFFCF00CF3953 /* ViewController.h */ = {isa = PBXFileReference; lastKnownFileType = sourcecode.c.h; path = ViewController.h; sourceTree = "<group>"; };
		822A3F7A1E6FFFCF00CF3953 /* ViewController.m */ = {isa = PBXFileReference; lastKnownFileType = sourcecode.c.objc; path = ViewController.m; sourceTree = "<group>"; };
		822A3F7D1E6FFFCF00CF3953 /* Base */ = {isa = PBXFileReference; lastKnownFileType = file.storyboard; name = Base; path = Base.lproj/Main.storyboard; sourceTree = "<group>"; };
		822A3F7F1E6FFFCF00CF3953 /* Assets.xcassets */ = {isa = PBXFileReference; lastKnownFileType = folder.assetcatalog; path = Assets.xcassets; sourceTree = "<group>"; };
		822A3F821E6FFFCF00CF3953 /* Base */ = {isa = PBXFileReference; lastKnownFileType = file.storyboard; name = Base; path = Base.lproj/LaunchScreen.storyboard; sourceTree = "<group>"; };
		822A3F841E6FFFCF00CF3953 /* Info.plist */ = {isa = PBXFileReference; lastKnownFileType = text.plist.xml; path = Info.plist; sourceTree = "<group>"; };
		822BA8FD1EE902D1002C80BE /* kanHai.bundle */ = {isa = PBXFileReference; lastKnownFileType = "wrapper.plug-in"; path = kanHai.bundle; sourceTree = "<group>"; };
		822BA9001EE95F95002C80BE /* spineHead.bundle */ = {isa = PBXFileReference; lastKnownFileType = "wrapper.plug-in"; path = spineHead.bundle; sourceTree = "<group>"; };
		822C97521EFE2BB800FDA064 /* libbz2.tbd */ = {isa = PBXFileReference; lastKnownFileType = "sourcecode.text-based-dylib-definition"; name = libbz2.tbd; path = usr/lib/libbz2.tbd; sourceTree = SDKROOT; };
		822C97541EFE2BC600FDA064 /* VideoToolbox.framework */ = {isa = PBXFileReference; lastKnownFileType = wrapper.framework; name = VideoToolbox.framework; path = System/Library/Frameworks/VideoToolbox.framework; sourceTree = SDKROOT; };
		822C97561EFE2C0100FDA064 /* CoreGraphics.framework */ = {isa = PBXFileReference; lastKnownFileType = wrapper.framework; name = CoreGraphics.framework; path = System/Library/Frameworks/CoreGraphics.framework; sourceTree = SDKROOT; };
		822C97581EFE2C8F00FDA064 /* libiconv.2.4.0.tbd */ = {isa = PBXFileReference; lastKnownFileType = "sourcecode.text-based-dylib-definition"; name = libiconv.2.4.0.tbd; path = usr/lib/libiconv.2.4.0.tbd; sourceTree = SDKROOT; };
		822C975A1EFE350B00FDA064 /* GLKit.framework */ = {isa = PBXFileReference; lastKnownFileType = wrapper.framework; name = GLKit.framework; path = System/Library/Frameworks/GLKit.framework; sourceTree = SDKROOT; };
		822C97601EFE432400FDA064 /* mixres */ = {isa = PBXFileReference; lastKnownFileType = folder; path = mixres; sourceTree = "<group>"; };
		822C97911EFEC85400FDA064 /* test.aac */ = {isa = PBXFileReference; lastKnownFileType = file; path = test.aac; sourceTree = "<group>"; };
		822CF99C1EC3137E00420C6E /* eye.bundle */ = {isa = PBXFileReference; lastKnownFileType = "wrapper.plug-in"; path = eye.bundle; sourceTree = "<group>"; };
		822CF9A11EC315B500420C6E /* qipao.bundle */ = {isa = PBXFileReference; lastKnownFileType = "wrapper.plug-in"; path = qipao.bundle; sourceTree = "<group>"; };
		823605431EC1622500A19595 /* huoj.bundle */ = {isa = PBXFileReference; lastKnownFileType = "wrapper.plug-in"; path = huoj.bundle; sourceTree = "<group>"; };
		8238D93F1EB1CD6800303D1D /* closeCamera@2x.png */ = {isa = PBXFileReference; lastKnownFileType = image.png; path = "closeCamera@2x.png"; sourceTree = "<group>"; };
		8238D9421EB1EDB400303D1D /* standardFace_1.jpg */ = {isa = PBXFileReference; lastKnownFileType = image.jpeg; path = standardFace_1.jpg; sourceTree = "<group>"; };
		823C82271EC551E200727FB9 /* changeCamera@2x.png */ = {isa = PBXFileReference; lastKnownFileType = image.png; path = "changeCamera@2x.png"; sourceTree = "<group>"; };
		823C822A1EC5C0E000727FB9 /* cat_new_frames.bundle */ = {isa = PBXFileReference; lastKnownFileType = "wrapper.plug-in"; path = cat_new_frames.bundle; sourceTree = "<group>"; };
		823C823F1EC71C7400727FB9 /* shengdan1.bundle */ = {isa = PBXFileReference; lastKnownFileType = "wrapper.plug-in"; path = shengdan1.bundle; sourceTree = "<group>"; };
		82401D3C1EAF48D600B8FE11 /* MagicGLView.h */ = {isa = PBXFileReference; fileEncoding = 4; lastKnownFileType = sourcecode.c.h; path = MagicGLView.h; sourceTree = "<group>"; };
		82401D3D1EAF48D600B8FE11 /* MagicGLView.m */ = {isa = PBXFileReference; fileEncoding = 4; lastKnownFileType = sourcecode.c.objc; path = MagicGLView.m; sourceTree = "<group>"; };
		8250E6791E78EA18006F6CDF /* OpenGLES.framework */ = {isa = PBXFileReference; lastKnownFileType = wrapper.framework; name = OpenGLES.framework; path = System/Library/Frameworks/OpenGLES.framework; sourceTree = SDKROOT; };
		8250E67B1E78EADD006F6CDF /* libz.tbd */ = {isa = PBXFileReference; lastKnownFileType = "sourcecode.text-based-dylib-definition"; name = libz.tbd; path = usr/lib/libz.tbd; sourceTree = SDKROOT; };
		8250E67D1E78EB13006F6CDF /* libc++.tbd */ = {isa = PBXFileReference; lastKnownFileType = "sourcecode.text-based-dylib-definition"; name = "libc++.tbd"; path = "usr/lib/libc++.tbd"; sourceTree = SDKROOT; };
		8250E67F1E78EB28006F6CDF /* libiconv.tbd */ = {isa = PBXFileReference; lastKnownFileType = "sourcecode.text-based-dylib-definition"; name = libiconv.tbd; path = usr/lib/libiconv.tbd; sourceTree = SDKROOT; };
		8261F5661EE53A0500CC8145 /* xiaojinling.bundle */ = {isa = PBXFileReference; lastKnownFileType = "wrapper.plug-in"; path = xiaojinling.bundle; sourceTree = "<group>"; };
		827416C81ECD918200FAF853 /* AVFoundation.framework */ = {isa = PBXFileReference; lastKnownFileType = wrapper.framework; name = AVFoundation.framework; path = System/Library/Frameworks/AVFoundation.framework; sourceTree = SDKROOT; };
		827416CA1ECD918900FAF853 /* CoreMedia.framework */ = {isa = PBXFileReference; lastKnownFileType = wrapper.framework; name = CoreMedia.framework; path = System/Library/Frameworks/CoreMedia.framework; sourceTree = SDKROOT; };
		828896801EB03E4A000CC47C /* addEffect@2x.png */ = {isa = PBXFileReference; lastKnownFileType = image.png; path = "addEffect@2x.png"; sourceTree = "<group>"; };
		828896A71EB07DC9000CC47C /* HitTest.bundle */ = {isa = PBXFileReference; lastKnownFileType = "wrapper.plug-in"; path = HitTest.bundle; sourceTree = "<group>"; };
		828896AD1EB0867D000CC47C /* SoundTrigger.bundle */ = {isa = PBXFileReference; lastKnownFileType = "wrapper.plug-in"; path = SoundTrigger.bundle; sourceTree = "<group>"; };
		828896B31EB0B39C000CC47C /* jinbi.bundle */ = {isa = PBXFileReference; lastKnownFileType = "wrapper.plug-in"; path = jinbi.bundle; sourceTree = "<group>"; };
		828896B41EB0B39C000CC47C /* shoushi_drag.bundle */ = {isa = PBXFileReference; lastKnownFileType = "wrapper.plug-in"; path = shoushi_drag.bundle; sourceTree = "<group>"; };
		828896B51EB0B39C000CC47C /* shoushi_face.bundle */ = {isa = PBXFileReference; lastKnownFileType = "wrapper.plug-in"; path = shoushi_face.bundle; sourceTree = "<group>"; };
		828896B61EB0B39C000CC47C /* shoushi_mouthopen.bundle */ = {isa = PBXFileReference; lastKnownFileType = "wrapper.plug-in"; path = shoushi_mouthopen.bundle; sourceTree = "<group>"; };
		828896B71EB0B39C000CC47C /* shoushi_touchBegin.bundle */ = {isa = PBXFileReference; lastKnownFileType = "wrapper.plug-in"; path = shoushi_touchBegin.bundle; sourceTree = "<group>"; };
		828896B81EB0B39C000CC47C /* shoushi_touchEnd.bundle */ = {isa = PBXFileReference; lastKnownFileType = "wrapper.plug-in"; path = shoushi_touchEnd.bundle; sourceTree = "<group>"; };
		828896B91EB0B39C000CC47C /* shoushi_touchMove.bundle */ = {isa = PBXFileReference; lastKnownFileType = "wrapper.plug-in"; path = shoushi_touchMove.bundle; sourceTree = "<group>"; };
		828896C31EB0B94C000CC47C /* head1.png */ = {isa = PBXFileReference; lastKnownFileType = image.png; path = head1.png; sourceTree = "<group>"; };
		828896C41EB0B94C000CC47C /* head2.png */ = {isa = PBXFileReference; lastKnownFileType = image.png; path = head2.png; sourceTree = "<group>"; };
		82A78D5A1EBC3242004D637E /* begin@2x.png */ = {isa = PBXFileReference; lastKnownFileType = image.png; path = "begin@2x.png"; sourceTree = "<group>"; };
		82C53CD71EF4D8CC0063957F /* res.bundle */ = {isa = PBXFileReference; lastKnownFileType = "wrapper.plug-in"; path = res.bundle; sourceTree = "<group>"; };
		82C663EA1ED6840B00F46619 /* CoreMotion.framework */ = {isa = PBXFileReference; lastKnownFileType = wrapper.framework; name = CoreMotion.framework; path = System/Library/Frameworks/CoreMotion.framework; sourceTree = SDKROOT; };
		82E5F3E51EEE8DC500DC946C /* 主页_拍照按钮@2x.png */ = {isa = PBXFileReference; lastKnownFileType = image.png; path = "主页_拍照按钮@2x.png"; sourceTree = "<group>"; };
		82E5F3E71EEE8EA800DC946C /* 主页_视频录制按钮@2x.png */ = {isa = PBXFileReference; lastKnownFileType = image.png; path = "主页_视频录制按钮@2x.png"; sourceTree = "<group>"; };
		82E5F3EE1EEF902C00DC946C /* FMMainFBO.h */ = {isa = PBXFileReference; fileEncoding = 4; lastKnownFileType = sourcecode.c.h; path = FMMainFBO.h; sourceTree = "<group>"; };
		82E5F3EF1EEF902C00DC946C /* FMMainFBO.m */ = {isa = PBXFileReference; fileEncoding = 4; lastKnownFileType = sourcecode.c.objc; path = FMMainFBO.m; sourceTree = "<group>"; };
		82E5F3F41EEF94CA00DC946C /* FMTexLoader.h */ = {isa = PBXFileReference; fileEncoding = 4; lastKnownFileType = sourcecode.c.h; path = FMTexLoader.h; sourceTree = "<group>"; };
		82E5F3F51EEF94CA00DC946C /* FMTexLoader.m */ = {isa = PBXFileReference; fileEncoding = 4; lastKnownFileType = sourcecode.c.objc; path = FMTexLoader.m; sourceTree = "<group>"; };
		82E5F3F71EEF94E600DC946C /* FMTexture.h */ = {isa = PBXFileReference; fileEncoding = 4; lastKnownFileType = sourcecode.c.h; path = FMTexture.h; sourceTree = "<group>"; };
		82E5F3F81EEF94E600DC946C /* FMTexture.m */ = {isa = PBXFileReference; fileEncoding = 4; lastKnownFileType = sourcecode.c.objc; path = FMTexture.m; sourceTree = "<group>"; };
		82E5F3F91EEF94E600DC946C /* FMTextureMgr.h */ = {isa = PBXFileReference; fileEncoding = 4; lastKnownFileType = sourcecode.c.h; path = FMTextureMgr.h; sourceTree = "<group>"; };
		82E5F3FA1EEF94E600DC946C /* FMTextureMgr.m */ = {isa = PBXFileReference; fileEncoding = 4; lastKnownFileType = sourcecode.c.objc; path = FMTextureMgr.m; sourceTree = "<group>"; };
		82E5F3FD1EEF950900DC946C /* FMGlobalDef.h */ = {isa = PBXFileReference; fileEncoding = 4; lastKnownFileType = sourcecode.c.h; path = FMGlobalDef.h; sourceTree = "<group>"; };
		82E5F3FE1EEF950900DC946C /* FMShader.h */ = {isa = PBXFileReference; fileEncoding = 4; lastKnownFileType = sourcecode.c.h; path = FMShader.h; sourceTree = "<group>"; };
		82E5F3FF1EEF950900DC946C /* FMShader.m */ = {isa = PBXFileReference; fileEncoding = 4; lastKnownFileType = sourcecode.c.objc; path = FMShader.m; sourceTree = "<group>"; };
		82E5F4021EEF957E00DC946C /* animateFrame.fs */ = {isa = PBXFileReference; fileEncoding = 4; lastKnownFileType = sourcecode.glsl; path = animateFrame.fs; sourceTree = "<group>"; };
		82E5F4031EEF957E00DC946C /* animateFrame.vs */ = {isa = PBXFileReference; fileEncoding = 4; lastKnownFileType = sourcecode.glsl; path = animateFrame.vs; sourceTree = "<group>"; };
		82E5F4041EEF957E00DC946C /* drawSquare.fs */ = {isa = PBXFileReference; fileEncoding = 4; lastKnownFileType = sourcecode.glsl; path = drawSquare.fs; sourceTree = "<group>"; };
		82E5F4051EEF957E00DC946C /* drawSquare.vs */ = {isa = PBXFileReference; fileEncoding = 4; lastKnownFileType = sourcecode.glsl; path = drawSquare.vs; sourceTree = "<group>"; };
		82E5F4061EEF957E00DC946C /* faceMask.fs */ = {isa = PBXFileReference; fileEncoding = 4; lastKnownFileType = sourcecode.glsl; path = faceMask.fs; sourceTree = "<group>"; };
		82E5F4071EEF957E00DC946C /* faceMask.vs */ = {isa = PBXFileReference; fileEncoding = 4; lastKnownFileType = sourcecode.glsl; path = faceMask.vs; sourceTree = "<group>"; };
		82E5F4081EEF957E00DC946C /* screen.fs */ = {isa = PBXFileReference; fileEncoding = 4; lastKnownFileType = sourcecode.glsl; path = screen.fs; sourceTree = "<group>"; };
		82E5F4091EEF957E00DC946C /* screen.vs */ = {isa = PBXFileReference; fileEncoding = 4; lastKnownFileType = sourcecode.glsl; path = screen.vs; sourceTree = "<group>"; };
		82E5F40A1EEF957E00DC946C /* shaderconf.json */ = {isa = PBXFileReference; fileEncoding = 4; lastKnownFileType = text.json; path = shaderconf.json; sourceTree = "<group>"; };
		82E5F4141EEF985B00DC946C /* FMParameterGlobal.h */ = {isa = PBXFileReference; fileEncoding = 4; lastKnownFileType = sourcecode.c.h; path = FMParameterGlobal.h; sourceTree = "<group>"; };
		82E5F4151EEF985B00DC946C /* FMParameterGlobal.m */ = {isa = PBXFileReference; fileEncoding = 4; lastKnownFileType = sourcecode.c.objc; path = FMParameterGlobal.m; sourceTree = "<group>"; };
		82E5F41C1EF10FE500DC946C /* FMScreenRender.h */ = {isa = PBXFileReference; fileEncoding = 4; lastKnownFileType = sourcecode.c.h; path = FMScreenRender.h; sourceTree = "<group>"; };
		82E5F41D1EF10FE500DC946C /* FMScreenRender.m */ = {isa = PBXFileReference; fileEncoding = 4; lastKnownFileType = sourcecode.c.objc; path = FMScreenRender.m; sourceTree = "<group>"; };
		82FCDD9A1EF3C1390023926E /* yumao.bundle */ = {isa = PBXFileReference; lastKnownFileType = "wrapper.plug-in"; path = yumao.bundle; sourceTree = "<group>"; };
		82FCDD9C1EF3C90A0023926E /* huanguan.bundle */ = {isa = PBXFileReference; lastKnownFileType = "wrapper.plug-in"; path = huanguan.bundle; sourceTree = "<group>"; };
		D71290D01F0F625C00A10C30 /* chou.bundle */ = {isa = PBXFileReference; lastKnownFileType = "wrapper.plug-in"; path = chou.bundle; sourceTree = "<group>"; };
		D71290D11F0F625C00A10C30 /* mo.bundle */ = {isa = PBXFileReference; lastKnownFileType = "wrapper.plug-in"; path = mo.bundle; sourceTree = "<group>"; };
		D71290D21F0F625C00A10C30 /* jing.bundle */ = {isa = PBXFileReference; lastKnownFileType = "wrapper.plug-in"; path = jing.bundle; sourceTree = "<group>"; };
		D71290D31F0F625C00A10C30 /* dan.bundle */ = {isa = PBXFileReference; lastKnownFileType = "wrapper.plug-in"; path = dan.bundle; sourceTree = "<group>"; };
		D71290D41F0F625C00A10C30 /* sheng.bundle */ = {isa = PBXFileReference; lastKnownFileType = "wrapper.plug-in"; path = sheng.bundle; sourceTree = "<group>"; };
/* End PBXFileReference section */

/* Begin PBXFrameworksBuildPhase section */
		822A3F6D1E6FFFCF00CF3953 /* Frameworks */ = {
			isa = PBXFrameworksBuildPhase;
			buildActionMask = 2147483647;
			files = (
				822C975B1EFE350B00FDA064 /* GLKit.framework in Frameworks */,
				822C97591EFE2C8F00FDA064 /* libiconv.2.4.0.tbd in Frameworks */,
				822C97571EFE2C0100FDA064 /* CoreGraphics.framework in Frameworks */,
				4758BD481F149FDA00030C54 /* FaceMagicDetection.framework in Frameworks */,
				822C97551EFE2BC700FDA064 /* VideoToolbox.framework in Frameworks */,
				822C97531EFE2BB800FDA064 /* libbz2.tbd in Frameworks */,
				82C663EB1ED6840C00F46619 /* CoreMotion.framework in Frameworks */,
				4758BD581F15D32700030C54 /* MKEngine.framework in Frameworks */,
				827416CB1ECD918900FAF853 /* CoreMedia.framework in Frameworks */,
				827416C91ECD918200FAF853 /* AVFoundation.framework in Frameworks */,
				8250E6811E78EEE5006F6CDF /* libc++.tbd in Frameworks */,
				8250E67C1E78EADD006F6CDF /* libz.tbd in Frameworks */,
				475FE2231EE900F500AC2064 /* opencv2.framework in Frameworks */,
			);
			runOnlyForDeploymentPostprocessing = 0;
		};
/* End PBXFrameworksBuildPhase section */

/* Begin PBXGroup section */
		4758BD451F149FDA00030C54 /* MagicLib */ = {
			isa = PBXGroup;
			children = (
				4758BD4A1F149FF800030C54 /* FaceData.dat */,
				4758BD4B1F149FF800030C54 /* track_data.dat */,
				4758BD571F15D32700030C54 /* MKEngine.framework */,
				4758BD461F149FDA00030C54 /* FaceMagicDetection.framework */,
			);
			path = MagicLib;
			sourceTree = "<group>";
		};
		822A3F671E6FFFCF00CF3953 = {
			isa = PBXGroup;
			children = (
				822A3F721E6FFFCF00CF3953 /* FaceMagic */,
				8250E6781E78EA18006F6CDF /* Frameworks */,
				822A3F711E6FFFCF00CF3953 /* Products */,
			);
			sourceTree = "<group>";
		};
		822A3F711E6FFFCF00CF3953 /* Products */ = {
			isa = PBXGroup;
			children = (
				822A3F701E6FFFCF00CF3953 /* FaceMagic.app */,
			);
			name = Products;
			sourceTree = "<group>";
		};
		822A3F721E6FFFCF00CF3953 /* FaceMagic */ = {
			isa = PBXGroup;
			children = (
				822A3F761E6FFFCF00CF3953 /* AppDelegate.h */,
				822A3F771E6FFFCF00CF3953 /* AppDelegate.m */,
				822A3F7F1E6FFFCF00CF3953 /* Assets.xcassets */,
				5F828FB81ECAA21600F89F05 /* fm2ViewCtrl.h */,
				475FE22B1EE9349200AC2064 /* fm2ViewCtrl.m */,
				4758BD451F149FDA00030C54 /* MagicLib */,
				82E5F3ED1EEF902C00DC946C /* TestOutTexture */,
				822A3F841E6FFFCF00CF3953 /* Info.plist */,
				822A3F811E6FFFCF00CF3953 /* LaunchScreen.storyboard */,
				475FE2221EE900F500AC2064 /* opencv2.framework */,
				82401D3C1EAF48D600B8FE11 /* MagicGLView.h */,
				82401D3D1EAF48D600B8FE11 /* MagicGLView.m */,
				822A3F7C1E6FFFCF00CF3953 /* Main.storyboard */,
				822A3F731E6FFFCF00CF3953 /* Supporting Files */,
				828896A51EB07DB5000CC47C /* test */,
				822A3F791E6FFFCF00CF3953 /* ViewController.h */,
				822A3F7A1E6FFFCF00CF3953 /* ViewController.m */,
				822C97911EFEC85400FDA064 /* test.aac */,
				822C97601EFE432400FDA064 /* mixres */,
				82C53CD71EF4D8CC0063957F /* res.bundle */,
			);
			path = FaceMagic;
			sourceTree = "<group>";
		};
		822A3F731E6FFFCF00CF3953 /* Supporting Files */ = {
			isa = PBXGroup;
			children = (
				8288967F1EB03E4A000CC47C /* resources */,
				822A3F741E6FFFCF00CF3953 /* main.m */,
			);
			name = "Supporting Files";
			sourceTree = "<group>";
		};
		8250E6781E78EA18006F6CDF /* Frameworks */ = {
			isa = PBXGroup;
			children = (
				822C975A1EFE350B00FDA064 /* GLKit.framework */,
				822C97581EFE2C8F00FDA064 /* libiconv.2.4.0.tbd */,
				822C97561EFE2C0100FDA064 /* CoreGraphics.framework */,
				822C97541EFE2BC600FDA064 /* VideoToolbox.framework */,
				822C97521EFE2BB800FDA064 /* libbz2.tbd */,
				82C663EA1ED6840B00F46619 /* CoreMotion.framework */,
				827416CA1ECD918900FAF853 /* CoreMedia.framework */,
				827416C81ECD918200FAF853 /* AVFoundation.framework */,
				8250E67F1E78EB28006F6CDF /* libiconv.tbd */,
				8250E67D1E78EB13006F6CDF /* libc++.tbd */,
				8250E67B1E78EADD006F6CDF /* libz.tbd */,
				8250E6791E78EA18006F6CDF /* OpenGLES.framework */,
			);
			name = Frameworks;
			sourceTree = "<group>";
		};
		8288967F1EB03E4A000CC47C /* resources */ = {
			isa = PBXGroup;
			children = (
				82E5F3E51EEE8DC500DC946C /* 主页_拍照按钮@2x.png */,
				82E5F3E71EEE8EA800DC946C /* 主页_视频录制按钮@2x.png */,
				823C82271EC551E200727FB9 /* changeCamera@2x.png */,
				82A78D5A1EBC3242004D637E /* begin@2x.png */,
				8238D93F1EB1CD6800303D1D /* closeCamera@2x.png */,
				828896801EB03E4A000CC47C /* addEffect@2x.png */,
			);
			path = resources;
			sourceTree = "<group>";
		};
		828896A51EB07DB5000CC47C /* test */ = {
			isa = PBXGroup;
			children = (
				828896C31EB0B94C000CC47C /* head1.png */,
				828896C41EB0B94C000CC47C /* head2.png */,
				8238D9421EB1EDB400303D1D /* standardFace_1.jpg */,
				4758BD521F14A56400030C54 /* nvwang.bundle */,
				4758BD4E1F14A03000030C54 /* dahuangfeng.bundle */,
				D71290D01F0F625C00A10C30 /* chou.bundle */,
				D71290D11F0F625C00A10C30 /* mo.bundle */,
				D71290D21F0F625C00A10C30 /* jing.bundle */,
				D71290D31F0F625C00A10C30 /* dan.bundle */,
				D71290D41F0F625C00A10C30 /* sheng.bundle */,
				82FCDD9C1EF3C90A0023926E /* huanguan.bundle */,
				82FCDD9A1EF3C1390023926E /* yumao.bundle */,
				822BA9001EE95F95002C80BE /* spineHead.bundle */,
				822BA8FD1EE902D1002C80BE /* kanHai.bundle */,
				8261F5661EE53A0500CC8145 /* xiaojinling.bundle */,
				823C823F1EC71C7400727FB9 /* shengdan1.bundle */,
				823C822A1EC5C0E000727FB9 /* cat_new_frames.bundle */,
				822CF9A11EC315B500420C6E /* qipao.bundle */,
				822CF99C1EC3137E00420C6E /* eye.bundle */,
				823605431EC1622500A19595 /* huoj.bundle */,
				828896B31EB0B39C000CC47C /* jinbi.bundle */,
				828896B41EB0B39C000CC47C /* shoushi_drag.bundle */,
				828896B51EB0B39C000CC47C /* shoushi_face.bundle */,
				828896B61EB0B39C000CC47C /* shoushi_mouthopen.bundle */,
				828896B71EB0B39C000CC47C /* shoushi_touchBegin.bundle */,
				828896B81EB0B39C000CC47C /* shoushi_touchEnd.bundle */,
				828896B91EB0B39C000CC47C /* shoushi_touchMove.bundle */,
				828896AD1EB0867D000CC47C /* SoundTrigger.bundle */,
				828896A71EB07DC9000CC47C /* HitTest.bundle */,
			);
			path = test;
			sourceTree = "<group>";
		};
		82E5F3ED1EEF902C00DC946C /* TestOutTexture */ = {
			isa = PBXGroup;
			children = (
				82E5F3EE1EEF902C00DC946C /* FMMainFBO.h */,
				82E5F3EF1EEF902C00DC946C /* FMMainFBO.m */,
				82E5F41C1EF10FE500DC946C /* FMScreenRender.h */,
				82E5F41D1EF10FE500DC946C /* FMScreenRender.m */,
				82E5F3F41EEF94CA00DC946C /* FMTexLoader.h */,
				82E5F3F51EEF94CA00DC946C /* FMTexLoader.m */,
				82E5F3F71EEF94E600DC946C /* FMTexture.h */,
				82E5F3F81EEF94E600DC946C /* FMTexture.m */,
				82E5F3F91EEF94E600DC946C /* FMTextureMgr.h */,
				82E5F3FA1EEF94E600DC946C /* FMTextureMgr.m */,
				82E5F3FD1EEF950900DC946C /* FMGlobalDef.h */,
				82E5F4141EEF985B00DC946C /* FMParameterGlobal.h */,
				82E5F4151EEF985B00DC946C /* FMParameterGlobal.m */,
				82E5F3FE1EEF950900DC946C /* FMShader.h */,
				82E5F3FF1EEF950900DC946C /* FMShader.m */,
				82E5F4011EEF957E00DC946C /* Shaders */,
			);
			path = TestOutTexture;
			sourceTree = "<group>";
		};
		82E5F4011EEF957E00DC946C /* Shaders */ = {
			isa = PBXGroup;
			children = (
				82E5F4021EEF957E00DC946C /* animateFrame.fs */,
				82E5F4031EEF957E00DC946C /* animateFrame.vs */,
				82E5F4041EEF957E00DC946C /* drawSquare.fs */,
				82E5F4051EEF957E00DC946C /* drawSquare.vs */,
				82E5F4061EEF957E00DC946C /* faceMask.fs */,
				82E5F4071EEF957E00DC946C /* faceMask.vs */,
				82E5F4081EEF957E00DC946C /* screen.fs */,
				82E5F4091EEF957E00DC946C /* screen.vs */,
				82E5F40A1EEF957E00DC946C /* shaderconf.json */,
			);
			path = Shaders;
			sourceTree = "<group>";
		};
/* End PBXGroup section */

/* Begin PBXNativeTarget section */
		822A3F6F1E6FFFCF00CF3953 /* FaceMagic */ = {
			isa = PBXNativeTarget;
			buildConfigurationList = 822A3F871E6FFFCF00CF3953 /* Build configuration list for PBXNativeTarget "FaceMagic" */;
			buildPhases = (
				822A3F6C1E6FFFCF00CF3953 /* Sources */,
				822A3F6D1E6FFFCF00CF3953 /* Frameworks */,
				822A3F6E1E6FFFCF00CF3953 /* Resources */,
			);
			buildRules = (
			);
			dependencies = (
			);
			name = FaceMagic;
			productName = FaceMagic;
			productReference = 822A3F701E6FFFCF00CF3953 /* FaceMagic.app */;
			productType = "com.apple.product-type.application";
		};
/* End PBXNativeTarget section */

/* Begin PBXProject section */
		822A3F681E6FFFCF00CF3953 /* Project object */ = {
			isa = PBXProject;
			attributes = {
				LastUpgradeCheck = 0820;
				ORGANIZATIONNAME = "李晓帆";
				TargetAttributes = {
					822A3F6F1E6FFFCF00CF3953 = {
						CreatedOnToolsVersion = 8.2.1;
						DevelopmentTeam = JLW4VA5DN6;
						ProvisioningStyle = Manual;
					};
				};
			};
			buildConfigurationList = 822A3F6B1E6FFFCF00CF3953 /* Build configuration list for PBXProject "FaceMagic" */;
			compatibilityVersion = "Xcode 3.2";
			developmentRegion = English;
			hasScannedForEncodings = 0;
			knownRegions = (
				en,
				Base,
			);
			mainGroup = 822A3F671E6FFFCF00CF3953;
			productRefGroup = 822A3F711E6FFFCF00CF3953 /* Products */;
			projectDirPath = "";
			projectRoot = "";
			targets = (
				822A3F6F1E6FFFCF00CF3953 /* FaceMagic */,
			);
		};
/* End PBXProject section */

/* Begin PBXResourcesBuildPhase section */
		822A3F6E1E6FFFCF00CF3953 /* Resources */ = {
			isa = PBXResourcesBuildPhase;
			buildActionMask = 2147483647;
			files = (
				4758BD4F1F14A03000030C54 /* dahuangfeng.bundle in Resources */,
				822C97611EFE432400FDA064 /* mixres in Resources */,
				82E5F40F1EEF957E00DC946C /* faceMask.fs in Resources */,
				4758BD531F14A56400030C54 /* nvwang.bundle in Resources */,
				822A3F831E6FFFCF00CF3953 /* LaunchScreen.storyboard in Resources */,
				822CF99E1EC3137E00420C6E /* eye.bundle in Resources */,
				82E5F40D1EEF957E00DC946C /* drawSquare.fs in Resources */,
				828896BE1EB0B39C000CC47C /* shoushi_touchBegin.bundle in Resources */,
				82E5F3E61EEE8DC500DC946C /* 主页_拍照按钮@2x.png in Resources */,
				828896811EB03E4A000CC47C /* addEffect@2x.png in Resources */,
				822CF9A21EC315B500420C6E /* qipao.bundle in Resources */,
				828896BB1EB0B39C000CC47C /* shoushi_drag.bundle in Resources */,
				D71290D91F0F625C00A10C30 /* sheng.bundle in Resources */,
				82A78D5B1EBC3242004D637E /* begin@2x.png in Resources */,
				828896C01EB0B39C000CC47C /* shoushi_touchMove.bundle in Resources */,
				828896AE1EB0867D000CC47C /* SoundTrigger.bundle in Resources */,
				822C97921EFEC85400FDA064 /* test.aac in Resources */,
				823C82401EC71C7400727FB9 /* shengdan1.bundle in Resources */,
				82E5F4101EEF957E00DC946C /* faceMask.vs in Resources */,
				822BA9011EE95F95002C80BE /* spineHead.bundle in Resources */,
				D71290D71F0F625C00A10C30 /* jing.bundle in Resources */,
				D71290D81F0F625C00A10C30 /* dan.bundle in Resources */,
				828896BD1EB0B39C000CC47C /* shoushi_mouthopen.bundle in Resources */,
				D71290D51F0F625C00A10C30 /* chou.bundle in Resources */,
				8261F5671EE53A0500CC8145 /* xiaojinling.bundle in Resources */,
				823C822B1EC5C0E000727FB9 /* cat_new_frames.bundle in Resources */,
				82FCDD9B1EF3C1390023926E /* yumao.bundle in Resources */,
				8238D9401EB1CD6800303D1D /* closeCamera@2x.png in Resources */,
				828896BC1EB0B39C000CC47C /* shoushi_face.bundle in Resources */,
				828896BA1EB0B39C000CC47C /* jinbi.bundle in Resources */,
				82E5F40E1EEF957E00DC946C /* drawSquare.vs in Resources */,
				82E5F40C1EEF957E00DC946C /* animateFrame.vs in Resources */,
				828896A81EB07DC9000CC47C /* HitTest.bundle in Resources */,
				823C82281EC551E200727FB9 /* changeCamera@2x.png in Resources */,
				8238D9431EB1EDB400303D1D /* standardFace_1.jpg in Resources */,
				828896BF1EB0B39C000CC47C /* shoushi_touchEnd.bundle in Resources */,
				82E5F4131EEF957E00DC946C /* shaderconf.json in Resources */,
				4758BD4D1F149FF800030C54 /* track_data.dat in Resources */,
				D71290D61F0F625C00A10C30 /* mo.bundle in Resources */,
				82E5F40B1EEF957E00DC946C /* animateFrame.fs in Resources */,
				823605441EC1622500A19595 /* huoj.bundle in Resources */,
				4758BD4C1F149FF800030C54 /* FaceData.dat in Resources */,
				82C53CD81EF4D8CC0063957F /* res.bundle in Resources */,
				822A3F801E6FFFCF00CF3953 /* Assets.xcassets in Resources */,
				822BA8FE1EE902D1002C80BE /* kanHai.bundle in Resources */,
				82E5F4121EEF957E00DC946C /* screen.vs in Resources */,
				828896C51EB0B94C000CC47C /* head1.png in Resources */,
				82E5F4111EEF957E00DC946C /* screen.fs in Resources */,
				822A3F7E1E6FFFCF00CF3953 /* Main.storyboard in Resources */,
				82E5F3E81EEE8EA800DC946C /* 主页_视频录制按钮@2x.png in Resources */,
				828896C61EB0B94C000CC47C /* head2.png in Resources */,
			);
			runOnlyForDeploymentPostprocessing = 0;
		};
/* End PBXResourcesBuildPhase section */

/* Begin PBXSourcesBuildPhase section */
		822A3F6C1E6FFFCF00CF3953 /* Sources */ = {
			isa = PBXSourcesBuildPhase;
			buildActionMask = 2147483647;
			files = (
				82E5F3FC1EEF94E600DC946C /* FMTextureMgr.m in Sources */,
				82E5F3F01EEF902C00DC946C /* FMMainFBO.m in Sources */,
				822A3F7B1E6FFFCF00CF3953 /* ViewController.m in Sources */,
				822A3F781E6FFFCF00CF3953 /* AppDelegate.m in Sources */,
				822A3F751E6FFFCF00CF3953 /* main.m in Sources */,
				82E5F3F61EEF94CA00DC946C /* FMTexLoader.m in Sources */,
				475FE22C1EE9349200AC2064 /* fm2ViewCtrl.m in Sources */,
				82401D3E1EAF48D600B8FE11 /* MagicGLView.m in Sources */,
				82E5F3FB1EEF94E600DC946C /* FMTexture.m in Sources */,
				82E5F41E1EF10FE500DC946C /* FMScreenRender.m in Sources */,
				82E5F4001EEF950900DC946C /* FMShader.m in Sources */,
				82E5F4161EEF985B00DC946C /* FMParameterGlobal.m in Sources */,
			);
			runOnlyForDeploymentPostprocessing = 0;
		};
/* End PBXSourcesBuildPhase section */

/* Begin PBXVariantGroup section */
		822A3F7C1E6FFFCF00CF3953 /* Main.storyboard */ = {
			isa = PBXVariantGroup;
			children = (
				822A3F7D1E6FFFCF00CF3953 /* Base */,
			);
			name = Main.storyboard;
			sourceTree = "<group>";
		};
		822A3F811E6FFFCF00CF3953 /* LaunchScreen.storyboard */ = {
			isa = PBXVariantGroup;
			children = (
				822A3F821E6FFFCF00CF3953 /* Base */,
			);
			name = LaunchScreen.storyboard;
			sourceTree = "<group>";
		};
/* End PBXVariantGroup section */

/* Begin XCBuildConfiguration section */
		822A3F851E6FFFCF00CF3953 /* Debug */ = {
			isa = XCBuildConfiguration;
			buildSettings = {
				ALWAYS_SEARCH_USER_PATHS = NO;
				CLANG_ANALYZER_NONNULL = YES;
				CLANG_CXX_LANGUAGE_STANDARD = "gnu++0x";
				CLANG_CXX_LIBRARY = "libc++";
				CLANG_ENABLE_MODULES = YES;
				CLANG_ENABLE_OBJC_ARC = YES;
				CLANG_WARN_BOOL_CONVERSION = YES;
				CLANG_WARN_CONSTANT_CONVERSION = YES;
				CLANG_WARN_DIRECT_OBJC_ISA_USAGE = YES_ERROR;
				CLANG_WARN_DOCUMENTATION_COMMENTS = YES;
				CLANG_WARN_EMPTY_BODY = YES;
				CLANG_WARN_ENUM_CONVERSION = YES;
				CLANG_WARN_INFINITE_RECURSION = YES;
				CLANG_WARN_INT_CONVERSION = YES;
				CLANG_WARN_OBJC_ROOT_CLASS = YES_ERROR;
				CLANG_WARN_SUSPICIOUS_MOVE = YES;
				CLANG_WARN_UNREACHABLE_CODE = YES;
				CLANG_WARN__DUPLICATE_METHOD_MATCH = YES;
				"CODE_SIGN_IDENTITY[sdk=iphoneos*]" = "iPhone Developer";
				COPY_PHASE_STRIP = NO;
				DEBUG_INFORMATION_FORMAT = dwarf;
				ENABLE_STRICT_OBJC_MSGSEND = YES;
				ENABLE_TESTABILITY = YES;
				GCC_C_LANGUAGE_STANDARD = gnu99;
				GCC_DYNAMIC_NO_PIC = NO;
				GCC_NO_COMMON_BLOCKS = YES;
				GCC_OPTIMIZATION_LEVEL = 0;
				GCC_PREPROCESSOR_DEFINITIONS = (
					"DEBUG=1",
					"$(inherited)",
				);
				GCC_WARN_64_TO_32_BIT_CONVERSION = YES;
				GCC_WARN_ABOUT_RETURN_TYPE = YES_ERROR;
				GCC_WARN_UNDECLARED_SELECTOR = YES;
				GCC_WARN_UNINITIALIZED_AUTOS = YES_AGGRESSIVE;
				GCC_WARN_UNUSED_FUNCTION = YES;
				GCC_WARN_UNUSED_VARIABLE = YES;
				IPHONEOS_DEPLOYMENT_TARGET = 10.2;
				MTL_ENABLE_DEBUG_INFO = YES;
				ONLY_ACTIVE_ARCH = YES;
				SDKROOT = iphoneos;
			};
			name = Debug;
		};
		822A3F861E6FFFCF00CF3953 /* Release */ = {
			isa = XCBuildConfiguration;
			buildSettings = {
				ALWAYS_SEARCH_USER_PATHS = NO;
				CLANG_ANALYZER_NONNULL = YES;
				CLANG_CXX_LANGUAGE_STANDARD = "gnu++0x";
				CLANG_CXX_LIBRARY = "libc++";
				CLANG_ENABLE_MODULES = YES;
				CLANG_ENABLE_OBJC_ARC = YES;
				CLANG_WARN_BOOL_CONVERSION = YES;
				CLANG_WARN_CONSTANT_CONVERSION = YES;
				CLANG_WARN_DIRECT_OBJC_ISA_USAGE = YES_ERROR;
				CLANG_WARN_DOCUMENTATION_COMMENTS = YES;
				CLANG_WARN_EMPTY_BODY = YES;
				CLANG_WARN_ENUM_CONVERSION = YES;
				CLANG_WARN_INFINITE_RECURSION = YES;
				CLANG_WARN_INT_CONVERSION = YES;
				CLANG_WARN_OBJC_ROOT_CLASS = YES_ERROR;
				CLANG_WARN_SUSPICIOUS_MOVE = YES;
				CLANG_WARN_UNREACHABLE_CODE = YES;
				CLANG_WARN__DUPLICATE_METHOD_MATCH = YES;
				"CODE_SIGN_IDENTITY[sdk=iphoneos*]" = "iPhone Developer";
				COPY_PHASE_STRIP = NO;
				DEBUG_INFORMATION_FORMAT = "dwarf-with-dsym";
				ENABLE_NS_ASSERTIONS = NO;
				ENABLE_STRICT_OBJC_MSGSEND = YES;
				GCC_C_LANGUAGE_STANDARD = gnu99;
				GCC_NO_COMMON_BLOCKS = YES;
				GCC_WARN_64_TO_32_BIT_CONVERSION = YES;
				GCC_WARN_ABOUT_RETURN_TYPE = YES_ERROR;
				GCC_WARN_UNDECLARED_SELECTOR = YES;
				GCC_WARN_UNINITIALIZED_AUTOS = YES_AGGRESSIVE;
				GCC_WARN_UNUSED_FUNCTION = YES;
				GCC_WARN_UNUSED_VARIABLE = YES;
				IPHONEOS_DEPLOYMENT_TARGET = 10.2;
				MTL_ENABLE_DEBUG_INFO = NO;
				SDKROOT = iphoneos;
				VALIDATE_PRODUCT = YES;
			};
			name = Release;
		};
		822A3F881E6FFFCF00CF3953 /* Debug */ = {
			isa = XCBuildConfiguration;
			buildSettings = {
				ASSETCATALOG_COMPILER_APPICON_NAME = AppIcon;
				"CODE_SIGN_IDENTITY[sdk=iphoneos*]" = "iPhone Developer";
				DEBUG_INFORMATION_FORMAT = "dwarf-with-dsym";
				DEVELOPMENT_TEAM = JLW4VA5DN6;
				ENABLE_BITCODE = NO;
				FRAMEWORK_SEARCH_PATHS = (
					"$(inherited)",
					"$(PROJECT_DIR)/FaceMagic",
					"$(PROJECT_DIR)/FaceMagic/MarkDetector",
					"$(PROJECT_DIR)/FaceMagic/MagicLib",
				);
				GCC_GENERATE_DEBUGGING_SYMBOLS = YES;
				INFOPLIST_FILE = FaceMagic/Info.plist;
				IPHONEOS_DEPLOYMENT_TARGET = 8.0;
				LD_RUNPATH_SEARCH_PATHS = "$(inherited) @executable_path/Frameworks";
				LIBRARY_SEARCH_PATHS = (
					"$(inherited)",
					"$(PROJECT_DIR)/FaceMagic/libs/ArcSoft/lib",
					"$(PROJECT_DIR)/FaceMagic/libs/Face++",
					"$(PROJECT_DIR)/FaceMagic/libs/PGSkinPrettifyDemo-iOS/PGSkinPrettifyEngine",
					"$(PROJECT_DIR)/FaceMagic/libs/PGSkinPrettifyEngine",
					"$(PROJECT_DIR)/FaceMagic/MarkDetector",
					"$(PROJECT_DIR)/FaceMagic",
				);
				OTHER_LDFLAGS = "-ObJC";
				PRODUCT_BUNDLE_IDENTIFIER = xixi.magicRuler;
				PRODUCT_NAME = "$(TARGET_NAME)";
				PROVISIONING_PROFILE = "ed3b5e24-564f-41fd-b2e8-b69c053c5be2";
				PROVISIONING_PROFILE_SPECIFIER = any;
				USER_HEADER_SEARCH_PATHS = "";
			};
			name = Debug;
		};
		822A3F891E6FFFCF00CF3953 /* Release */ = {
			isa = XCBuildConfiguration;
			buildSettings = {
				ASSETCATALOG_COMPILER_APPICON_NAME = AppIcon;
				"CODE_SIGN_IDENTITY[sdk=iphoneos*]" = "iPhone Distribution";
				DEVELOPMENT_TEAM = JLW4VA5DN6;
				ENABLE_BITCODE = NO;
				FRAMEWORK_SEARCH_PATHS = (
					"$(inherited)",
					"$(PROJECT_DIR)/FaceMagic",
					"$(PROJECT_DIR)/FaceMagic/MarkDetector",
					"$(PROJECT_DIR)/FaceMagic/MagicLib",
				);
				GCC_GENERATE_DEBUGGING_SYMBOLS = YES;
				INFOPLIST_FILE = FaceMagic/Info.plist;
				IPHONEOS_DEPLOYMENT_TARGET = 8.0;
				LD_RUNPATH_SEARCH_PATHS = "$(inherited) @executable_path/Frameworks";
				LIBRARY_SEARCH_PATHS = (
					"$(inherited)",
					"$(PROJECT_DIR)/FaceMagic/libs/ArcSoft/lib",
					"$(PROJECT_DIR)/FaceMagic/libs/Face++",
					"$(PROJECT_DIR)/FaceMagic/libs/PGSkinPrettifyDemo-iOS/PGSkinPrettifyEngine",
					"$(PROJECT_DIR)/FaceMagic/libs/PGSkinPrettifyEngine",
					"$(PROJECT_DIR)/FaceMagic/MarkDetector",
					"$(PROJECT_DIR)/FaceMagic",
				);
				OTHER_LDFLAGS = "-ObJC";
				PRODUCT_BUNDLE_IDENTIFIER = xixi.magicRuler;
				PRODUCT_NAME = "$(TARGET_NAME)";
				PROVISIONING_PROFILE = "dbd0c3a1-53d1-4f42-be86-18cb1881e4a1";
				PROVISIONING_PROFILE_SPECIFIER = any_shanghai;
				USER_HEADER_SEARCH_PATHS = "";
			};
			name = Release;
		};
/* End XCBuildConfiguration section */

/* Begin XCConfigurationList section */
		822A3F6B1E6FFFCF00CF3953 /* Build configuration list for PBXProject "FaceMagic" */ = {
			isa = XCConfigurationList;
			buildConfigurations = (
				822A3F851E6FFFCF00CF3953 /* Debug */,
				822A3F861E6FFFCF00CF3953 /* Release */,
			);
			defaultConfigurationIsVisible = 0;
			defaultConfigurationName = Release;
		};
		822A3F871E6FFFCF00CF3953 /* Build configuration list for PBXNativeTarget "FaceMagic" */ = {
			isa = XCConfigurationList;
			buildConfigurations = (
				822A3F881E6FFFCF00CF3953 /* Debug */,
				822A3F891E6FFFCF00CF3953 /* Release */,
			);
			defaultConfigurationIsVisible = 0;
			defaultConfigurationName = Release;
		};
/* End XCConfigurationList section */
	};
	rootObject = 822A3F681E6FFFCF00CF3953 /* Project object */;
}
